
Microsoft Visual Studio Solution File, Format Version 10.00
# Visual Studio 2008
Project("{FAE04EC0-301F-11D3-BF4B-00C04F79EFBC}") = "AutoBuild", "Apps\AutoBuild\AutoBuild.csproj", "{5F210E4D-5D1F-48AF-B5AE-2796D3F42604}"
EndProject
Global
	GlobalSection(SolutionConfigurationPlatforms) = preSolution
		Debug|Any CPU = Debug|Any CPU
		Release|Any CPU = Release|Any CPU
	EndGlobalSection
	GlobalSection(ProjectConfigurationPlatforms) = postSolution
		{5F210E4D-5D1F-48AF-B5AE-2796D3F42604}.Debug|Any CPU.ActiveCfg = Debug|Any CPU
		{5F210E4D-5D1F-48AF-B5AE-2796D3F42604}.Debug|Any CPU.Build.0 = Debug|Any CPU
		{5F210E4D-5D1F-48AF-B5AE-2796D3F42604}.Release|Any CPU.ActiveCfg = Release|Any CPU
		{5F210E4D-5D1F-48AF-B5AE-2796D3F42604}.Release|Any CPU.Build.0 = Release|Any CPU
	EndGlobalSection
	GlobalSection(SolutionProperties) = preSolution
		HideSolutionNode = FALSE
	EndGlobalSection
EndGlobal
